Microsoft Visual Studio Solution File, Format Version 11.00
# Visual Studio 2008

Project("{F5449ACD-EB7F-A8C5-A8F3-C6F6EFE16990}") = "BulletHell copy 2", "Assembly-CSharp-firstpass.csproj", "{618A7EE5-A15C-9751-A2D8-2DBFB809E44D}"
EndProject
Project("{F5449ACD-EB7F-A8C5-A8F3-C6F6EFE16990}") = "BulletHell copy 2", "Assembly-UnityScript-firstpass.unityproj", "{7C87A1C4-FB85-E99B-16AD-6CC488C7E3D9}"
EndProject
Project("{F5449ACD-EB7F-A8C5-A8F3-C6F6EFE16990}") = "BulletHell copy 2", "Assembly-UnityScript.unityproj", "{92506EF7-1E41-6AC6-CAA7-26ED180A1B00}"
EndProject
Global
	GlobalSection(SolutionConfigurationPlatforms) = preSolution
		Debug|Any CPU = Debug|Any CPU
		Release|Any CPU = Release|Any CPU
	EndGlobalSection
	GlobalSection(ProjectConfigurationPlatforms) = postSolution
		{618A7EE5-A15C-9751-A2D8-2DBFB809E44D}.Debug|Any CPU.ActiveCfg = Debug|Any CPU
		{618A7EE5-A15C-9751-A2D8-2DBFB809E44D}.Debug|Any CPU.Build.0 = Debug|Any CPU
		{618A7EE5-A15C-9751-A2D8-2DBFB809E44D}.Release|Any CPU.ActiveCfg = Release|Any CPU
		{618A7EE5-A15C-9751-A2D8-2DBFB809E44D}.Release|Any CPU.Build.0 = Release|Any CPU
		{7C87A1C4-FB85-E99B-16AD-6CC488C7E3D9}.Debug|Any CPU.ActiveCfg = Debug|Any CPU
		{7C87A1C4-FB85-E99B-16AD-6CC488C7E3D9}.Debug|Any CPU.Build.0 = Debug|Any CPU
		{7C87A1C4-FB85-E99B-16AD-6CC488C7E3D9}.Release|Any CPU.ActiveCfg = Release|Any CPU
		{7C87A1C4-FB85-E99B-16AD-6CC488C7E3D9}.Release|Any CPU.Build.0 = Release|Any CPU
		{92506EF7-1E41-6AC6-CAA7-26ED180A1B00}.Debug|Any CPU.ActiveCfg = Debug|Any CPU
		{92506EF7-1E41-6AC6-CAA7-26ED180A1B00}.Debug|Any CPU.Build.0 = Debug|Any CPU
		{92506EF7-1E41-6AC6-CAA7-26ED180A1B00}.Release|Any CPU.ActiveCfg = Release|Any CPU
		{92506EF7-1E41-6AC6-CAA7-26ED180A1B00}.Release|Any CPU.Build.0 = Release|Any CPU
	EndGlobalSection
	GlobalSection(SolutionProperties) = preSolution
		HideSolutionNode = FALSE
	EndGlobalSection
		GlobalSection(MonoDevelopProperties) = preSolution
		StartupItem = Assembly-CSharp.csproj
		Policies = $0
		$0.TextStylePolicy = $1
		$1.inheritsSet = null
		$1.scope = text/x-csharp
		$0.CSharpFormattingPolicy = $2
		$2.inheritsSet = Mono
		$2.inheritsScope = text/x-csharp
		$2.scope = text/x-csharp
		$0.TextStylePolicy = $3
		$3.FileWidth = 120
		$3.TabWidth = 4
		$3.EolMarker = Unix
		$3.inheritsSet = Mono
		$3.inheritsScope = text/plain
		$3.scope = text/plain
	EndGlobalSection

EndGlobal
